
Microsoft Visual Studio Solution File, Format Version 12.00
# Visual Studio Version 16
VisualStudioVersion = 16.0.29306.81
MinimumVisualStudioVersion = 10.0.40219.1
Project("{FAE04EC0-301F-11D3-BF4B-00C04F79EFBC}") = "BankClassLib", "BankClassLib\BankClassLib.csproj", "{C6D1FC35-A3DC-405D-A123-58ED3D9A85E0}"
EndProject
Project("{FAE04EC0-301F-11D3-BF4B-00C04F79EFBC}") = "WebBankMVC", "WebBankMVC\WebBankMVC.csproj", "{8D11205B-4831-4FE3-9312-72F9EE0EBA03}"
EndProject
Global
	GlobalSection(SolutionConfigurationPlatforms) = preSolution
		Debug|Any CPU = Debug|Any CPU
		Release|Any CPU = Release|Any CPU
	EndGlobalSection
	GlobalSection(ProjectConfigurationPlatforms) = postSolution
		{C6D1FC35-A3DC-405D-A123-58ED3D9A85E0}.Debug|Any CPU.ActiveCfg = Debug|Any CPU
		{C6D1FC35-A3DC-405D-A123-58ED3D9A85E0}.Debug|Any CPU.Build.0 = Debug|Any CPU
		{C6D1FC35-A3DC-405D-A123-58ED3D9A85E0}.Release|Any CPU.ActiveCfg = Release|Any CPU
		{C6D1FC35-A3DC-405D-A123-58ED3D9A85E0}.Release|Any CPU.Build.0 = Release|Any CPU
		{8D11205B-4831-4FE3-9312-72F9EE0EBA03}.Debug|Any CPU.ActiveCfg = Debug|Any CPU
		{8D11205B-4831-4FE3-9312-72F9EE0EBA03}.Debug|Any CPU.Build.0 = Debug|Any CPU
		{8D11205B-4831-4FE3-9312-72F9EE0EBA03}.Release|Any CPU.ActiveCfg = Release|Any CPU
		{8D11205B-4831-4FE3-9312-72F9EE0EBA03}.Release|Any CPU.Build.0 = Release|Any CPU
	EndGlobalSection
	GlobalSection(SolutionProperties) = preSolution
		HideSolutionNode = FALSE
	EndGlobalSection
	GlobalSection(ExtensibilityGlobals) = postSolution
		SolutionGuid = {705074D6-A6DD-43C3-AF3F-4397B5EE1C48}
	EndGlobalSection
EndGlobal
